
Microsoft Visual Studio Solution File, Format Version 12.00
# Visual Studio 15
VisualStudioVersion = 15.0.26228.9
MinimumVisualStudioVersion = 10.0.40219.1
Project("{FAE04EC0-301F-11D3-BF4B-00C04F79EFBC}") = "FacebookApp", "FacebookApp\FacebookApp.csproj", "{FBBE2D52-1BBC-4B13-AE59-7BD97CFD96DE}"
EndProject
Project("{2150E333-8FDC-42A3-9474-1A3956D46DE8}") = "Solution Items", "Solution Items", "{A291FF51-AE1B-4179-8A90-151E59757217}"
	ProjectSection(SolutionItems) = preProject
		UML Diagram Design Patterns - Strategy,Observer,Iterator.docx = UML Diagram Design Patterns - Strategy,Observer,Iterator.docx
		UML Diagram Design Patterns -Adapter, Singleton, Façade.docx = UML Diagram Design Patterns -Adapter, Singleton, Façade.docx
	EndProjectSection
EndProject
Global
	GlobalSection(SolutionConfigurationPlatforms) = preSolution
		Debug|Any CPU = Debug|Any CPU
		Release|Any CPU = Release|Any CPU
	EndGlobalSection
	GlobalSection(ProjectConfigurationPlatforms) = postSolution
		{FBBE2D52-1BBC-4B13-AE59-7BD97CFD96DE}.Debug|Any CPU.ActiveCfg = Debug|Any CPU
		{FBBE2D52-1BBC-4B13-AE59-7BD97CFD96DE}.Debug|Any CPU.Build.0 = Debug|Any CPU
		{FBBE2D52-1BBC-4B13-AE59-7BD97CFD96DE}.Release|Any CPU.ActiveCfg = Release|Any CPU
		{FBBE2D52-1BBC-4B13-AE59-7BD97CFD96DE}.Release|Any CPU.Build.0 = Release|Any CPU
	EndGlobalSection
	GlobalSection(SolutionProperties) = preSolution
		HideSolutionNode = FALSE
	EndGlobalSection
	GlobalSection(ExtensibilityGlobals) = postSolution
		SolutionGuid = {2DD440B2-A9EF-41C5-9E72-7804ABBFBE11}
	EndGlobalSection
EndGlobal
